// !$*UTF8*$!
{
	archiveVersion = 1;
	classes = {
	};
	objectVersion = 55;
	objects = {

/* Begin PBXBuildFile section */
		3A1EFA6528B8E8CE00B25115 /* MultiLoginPage_FirebaseApp.swift in Sources */ = {isa = PBXBuildFile; fileRef = 3A1EFA6428B8E8CE00B25115 /* MultiLoginPage_FirebaseApp.swift */; };
		3A1EFA6728B8E8CE00B25115 /* ContentView.swift in Sources */ = {isa = PBXBuildFile; fileRef = 3A1EFA6628B8E8CE00B25115 /* ContentView.swift */; };
		3A1EFA6928B8E8CF00B25115 /* Assets.xcassets in Resources */ = {isa = PBXBuildFile; fileRef = 3A1EFA6828B8E8CF00B25115 /* Assets.xcassets */; };
		3A1EFA6C28B8E8CF00B25115 /* Preview Assets.xcassets in Resources */ = {isa = PBXBuildFile; fileRef = 3A1EFA6B28B8E8CF00B25115 /* Preview Assets.xcassets */; };
		3AE3746428B9473F00BFD072 /* FirebaseAuth in Frameworks */ = {isa = PBXBuildFile; productRef = 3AE3746328B9473F00BFD072 /* FirebaseAuth */; };
		3AE3746728B9493E00BFD072 /* GoogleSignIn in Frameworks */ = {isa = PBXBuildFile; productRef = 3AE3746628B9493E00BFD072 /* GoogleSignIn */; };
		3AE3746928B9493E00BFD072 /* GoogleSignInSwift in Frameworks */ = {isa = PBXBuildFile; productRef = 3AE3746828B9493E00BFD072 /* GoogleSignInSwift */; };
		3AE3746B28B94A5C00BFD072 /* GoogleService-Info.plist in Resources */ = {isa = PBXBuildFile; fileRef = 3AE3746A28B94A5C00BFD072 /* GoogleService-Info.plist */; };
		3AE3747228B94E9700BFD072 /* Login.swift in Sources */ = {isa = PBXBuildFile; fileRef = 3AE3747128B94E9700BFD072 /* Login.swift */; };
		3AE3747428BB62CE00BFD072 /* CustomTextField.swift in Sources */ = {isa = PBXBuildFile; fileRef = 3AE3747328BB62CE00BFD072 /* CustomTextField.swift */; };
/* End PBXBuildFile section */

/* Begin PBXFileReference section */
		3A1EFA6128B8E8CE00B25115 /* MultiLoginPage-Firebase.app */ = {isa = PBXFileReference; explicitFileType = wrapper.application; includeInIndex = 0; path = "MultiLoginPage-Firebase.app"; sourceTree = BUILT_PRODUCTS_DIR; };
		3A1EFA6428B8E8CE00B25115 /* MultiLoginPage_FirebaseApp.swift */ = {isa = PBXFileReference; lastKnownFileType = sourcecode.swift; path = MultiLoginPage_FirebaseApp.swift; sourceTree = "<group>"; };
		3A1EFA6628B8E8CE00B25115 /* ContentView.swift */ = {isa = PBXFileReference; lastKnownFileType = sourcecode.swift; path = ContentView.swift; sourceTree = "<group>"; };
		3A1EFA6828B8E8CF00B25115 /* Assets.xcassets */ = {isa = PBXFileReference; lastKnownFileType = folder.assetcatalog; path = Assets.xcassets; sourceTree = "<group>"; };
		3A1EFA6B28B8E8CF00B25115 /* Preview Assets.xcassets */ = {isa = PBXFileReference; lastKnownFileType = folder.assetcatalog; path = "Preview Assets.xcassets"; sourceTree = "<group>"; };
		3AE3746A28B94A5C00BFD072 /* GoogleService-Info.plist */ = {isa = PBXFileReference; fileEncoding = 4; lastKnownFileType = text.plist.xml; path = "GoogleService-Info.plist"; sourceTree = "<group>"; };
		3AE3746C28B94C3A00BFD072 /* Info.plist */ = {isa = PBXFileReference; lastKnownFileType = text.plist; path = Info.plist; sourceTree = "<group>"; };
		3AE3746D28B94CC700BFD072 /* MultiLoginPage-Firebase.entitlements */ = {isa = PBXFileReference; lastKnownFileType = text.plist.entitlements; path = "MultiLoginPage-Firebase.entitlements"; sourceTree = "<group>"; };
		3AE3747128B94E9700BFD072 /* Login.swift */ = {isa = PBXFileReference; lastKnownFileType = sourcecode.swift; path = Login.swift; sourceTree = "<group>"; };
		3AE3747328BB62CE00BFD072 /* CustomTextField.swift */ = {isa = PBXFileReference; lastKnownFileType = sourcecode.swift; path = CustomTextField.swift; sourceTree = "<group>"; };
/* End PBXFileReference section */

/* Begin PBXFrameworksBuildPhase section */
		3A1EFA5E28B8E8CE00B25115 /* Frameworks */ = {
			isa = PBXFrameworksBuildPhase;
			buildActionMask = 2147483647;
			files = (
				3AE3746928B9493E00BFD072 /* GoogleSignInSwift in Frameworks */,
				3AE3746428B9473F00BFD072 /* FirebaseAuth in Frameworks */,
				3AE3746728B9493E00BFD072 /* GoogleSignIn in Frameworks */,
			);
			runOnlyForDeploymentPostprocessing = 0;
		};
/* End PBXFrameworksBuildPhase section */

/* Begin PBXGroup section */
		3A1EFA5828B8E8CE00B25115 = {
			isa = PBXGroup;
			children = (
				3A1EFA6328B8E8CE00B25115 /* MultiLoginPage-Firebase */,
				3A1EFA6228B8E8CE00B25115 /* Products */,
			);
			sourceTree = "<group>";
		};
		3A1EFA6228B8E8CE00B25115 /* Products */ = {
			isa = PBXGroup;
			children = (
				3A1EFA6128B8E8CE00B25115 /* MultiLoginPage-Firebase.app */,
			);
			name = Products;
			sourceTree = "<group>";
		};
		3A1EFA6328B8E8CE00B25115 /* MultiLoginPage-Firebase */ = {
			isa = PBXGroup;
			children = (
				3AE3747028B94E1C00BFD072 /* Model */,
				3AE3746F28B94E1200BFD072 /* ViewModel */,
				3AE3746E28B94E0500BFD072 /* View */,
				3AE3746D28B94CC700BFD072 /* MultiLoginPage-Firebase.entitlements */,
				3AE3746C28B94C3A00BFD072 /* Info.plist */,
				3AE3746A28B94A5C00BFD072 /* GoogleService-Info.plist */,
				3A1EFA6428B8E8CE00B25115 /* MultiLoginPage_FirebaseApp.swift */,
				3A1EFA6628B8E8CE00B25115 /* ContentView.swift */,
				3A1EFA6828B8E8CF00B25115 /* Assets.xcassets */,
				3A1EFA6A28B8E8CF00B25115 /* Preview Content */,
			);
			path = "MultiLoginPage-Firebase";
			sourceTree = "<group>";
		};
		3A1EFA6A28B8E8CF00B25115 /* Preview Content */ = {
			isa = PBXGroup;
			children = (
				3A1EFA6B28B8E8CF00B25115 /* Preview Assets.xcassets */,
			);
			path = "Preview Content";
			sourceTree = "<group>";
		};
		3AE3746E28B94E0500BFD072 /* View */ = {
			isa = PBXGroup;
			children = (
				3AE3747128B94E9700BFD072 /* Login.swift */,
				3AE3747328BB62CE00BFD072 /* CustomTextField.swift */,
			);
			path = View;
			sourceTree = "<group>";
		};
		3AE3746F28B94E1200BFD072 /* ViewModel */ = {
			isa = PBXGroup;
			children = (
			);
			path = ViewModel;
			sourceTree = "<group>";
		};
		3AE3747028B94E1C00BFD072 /* Model */ = {
			isa = PBXGroup;
			children = (
			);
			path = Model;
			sourceTree = "<group>";
		};
/* End PBXGroup section */

/* Begin PBXNativeTarget section */
		3A1EFA6028B8E8CE00B25115 /* MultiLoginPage-Firebase */ = {
			isa = PBXNativeTarget;
			buildConfigurationList = 3A1EFA6F28B8E8CF00B25115 /* Build configuration list for PBXNativeTarget "MultiLoginPage-Firebase" */;
			buildPhases = (
				3A1EFA5D28B8E8CE00B25115 /* Sources */,
				3A1EFA5E28B8E8CE00B25115 /* Frameworks */,
				3A1EFA5F28B8E8CE00B25115 /* Resources */,
			);
			buildRules = (
			);
			dependencies = (
			);
			name = "MultiLoginPage-Firebase";
			packageProductDependencies = (
				3AE3746328B9473F00BFD072 /* FirebaseAuth */,
				3AE3746628B9493E00BFD072 /* GoogleSignIn */,
				3AE3746828B9493E00BFD072 /* GoogleSignInSwift */,
			);
			productName = "MultiLoginPage-Firebase";
			productReference = 3A1EFA6128B8E8CE00B25115 /* MultiLoginPage-Firebase.app */;
			productType = "com.apple.product-type.application";
		};
/* End PBXNativeTarget section */

/* Begin PBXProject section */
		3A1EFA5928B8E8CE00B25115 /* Project object */ = {
			isa = PBXProject;
			attributes = {
				BuildIndependentTargetsInParallel = 1;
				LastSwiftUpdateCheck = 1340;
				LastUpgradeCheck = 1340;
				TargetAttributes = {
					3A1EFA6028B8E8CE00B25115 = {
						CreatedOnToolsVersion = 13.4.1;
					};
				};
			};
			buildConfigurationList = 3A1EFA5C28B8E8CE00B25115 /* Build configuration list for PBXProject "MultiLoginPage-Firebase" */;
			compatibilityVersion = "Xcode 13.0";
			developmentRegion = en;
			hasScannedForEncodings = 0;
			knownRegions = (
				en,
				Base,
			);
			mainGroup = 3A1EFA5828B8E8CE00B25115;
			packageReferences = (
				3AE3746228B9473F00BFD072 /* XCRemoteSwiftPackageReference "firebase-ios-sdk" */,
				3AE3746528B9493E00BFD072 /* XCRemoteSwiftPackageReference "GoogleSignIn-iOS" */,
			);
			productRefGroup = 3A1EFA6228B8E8CE00B25115 /* Products */;
			projectDirPath = "";
			projectRoot = "";
			targets = (
				3A1EFA6028B8E8CE00B25115 /* MultiLoginPage-Firebase */,
			);
		};
/* End PBXProject section */

/* Begin PBXResourcesBuildPhase section */
		3A1EFA5F28B8E8CE00B25115 /* Resources */ = {
			isa = PBXResourcesBuildPhase;
			buildActionMask = 2147483647;
			files = (
				3A1EFA6C28B8E8CF00B25115 /* Preview Assets.xcassets in Resources */,
				3A1EFA6928B8E8CF00B25115 /* Assets.xcassets in Resources */,
				3AE3746B28B94A5C00BFD072 /* GoogleService-Info.plist in Resources */,
			);
			runOnlyForDeploymentPostprocessing = 0;
		};
/* End PBXResourcesBuildPhase section */

/* Begin PBXSourcesBuildPhase section */
		3A1EFA5D28B8E8CE00B25115 /* Sources */ = {
			isa = PBXSourcesBuildPhase;
			buildActionMask = 2147483647;
			files = (
				3AE3747428BB62CE00BFD072 /* CustomTextField.swift in Sources */,
				3AE3747228B94E9700BFD072 /* Login.swift in Sources */,
				3A1EFA6728B8E8CE00B25115 /* ContentView.swift in Sources */,
				3A1EFA6528B8E8CE00B25115 /* MultiLoginPage_FirebaseApp.swift in Sources */,
			);
			runOnlyForDeploymentPostprocessing = 0;
		};
/* End PBXSourcesBuildPhase section */

/* Begin XCBuildConfiguration section */
		3A1EFA6D28B8E8CF00B25115 /* Debug */ = {
			isa = XCBuildConfiguration;
			buildSettings = {
				ALWAYS_SEARCH_USER_PATHS = NO;
				CLANG_ANALYZER_NONNULL = YES;
				CLANG_ANALYZER_NUMBER_OBJECT_CONVERSION = YES_AGGRESSIVE;
				CLANG_CXX_LANGUAGE_STANDARD = "gnu++17";
				CLANG_ENABLE_MODULES = YES;
				CLANG_ENABLE_OBJC_ARC = YES;
				CLANG_ENABLE_OBJC_WEAK = YES;
				CLANG_WARN_BLOCK_CAPTURE_AUTORELEASING = YES;
				CLANG_WARN_BOOL_CONVERSION = YES;
				CLANG_WARN_COMMA = YES;
				CLANG_WARN_CONSTANT_CONVERSION = YES;
				CLANG_WARN_DEPRECATED_OBJC_IMPLEMENTATIONS = YES;
				CLANG_WARN_DIRECT_OBJC_ISA_USAGE = YES_ERROR;
				CLANG_WARN_DOCUMENTATION_COMMENTS = YES;
				CLANG_WARN_EMPTY_BODY = YES;
				CLANG_WARN_ENUM_CONVERSION = YES;
				CLANG_WARN_INFINITE_RECURSION = YES;
				CLANG_WARN_INT_CONVERSION = YES;
				CLANG_WARN_NON_LITERAL_NULL_CONVERSION = YES;
				CLANG_WARN_OBJC_IMPLICIT_RETAIN_SELF = YES;
				CLANG_WARN_OBJC_LITERAL_CONVERSION = YES;
				CLANG_WARN_OBJC_ROOT_CLASS = YES_ERROR;
				CLANG_WARN_QUOTED_INCLUDE_IN_FRAMEWORK_HEADER = YES;
				CLANG_WARN_RANGE_LOOP_ANALYSIS = YES;
				CLANG_WARN_STRICT_PROTOTYPES = YES;
				CLANG_WARN_SUSPICIOUS_MOVE = YES;
				CLANG_WARN_UNGUARDED_AVAILABILITY = YES_AGGRESSIVE;
				CLANG_WARN_UNREACHABLE_CODE = YES;
				CLANG_WARN__DUPLICATE_METHOD_MATCH = YES;
				COPY_PHASE_STRIP = NO;
				DEBUG_INFORMATION_FORMAT = dwarf;
				ENABLE_STRICT_OBJC_MSGSEND = YES;
				ENABLE_TESTABILITY = YES;
				GCC_C_LANGUAGE_STANDARD = gnu11;
				GCC_DYNAMIC_NO_PIC = NO;
				GCC_NO_COMMON_BLOCKS = YES;
				GCC_OPTIMIZATION_LEVEL = 0;
				GCC_PREPROCESSOR_DEFINITIONS = (
					"DEBUG=1",
					"$(inherited)",
				);
				GCC_WARN_64_TO_32_BIT_CONVERSION = YES;
				GCC_WARN_ABOUT_RETURN_TYPE = YES_ERROR;
				GCC_WARN_UNDECLARED_SELECTOR = YES;
				GCC_WARN_UNINITIALIZED_AUTOS = YES_AGGRESSIVE;
				GCC_WARN_UNUSED_FUNCTION = YES;
				GCC_WARN_UNUSED_VARIABLE = YES;
				IPHONEOS_DEPLOYMENT_TARGET = 15.5;
				MTL_ENABLE_DEBUG_INFO = INCLUDE_SOURCE;
				MTL_FAST_MATH = YES;
				ONLY_ACTIVE_ARCH = YES;
				SDKROOT = iphoneos;
				SWIFT_ACTIVE_COMPILATION_CONDITIONS = DEBUG;
				SWIFT_OPTIMIZATION_LEVEL = "-Onone";
			};
			name = Debug;
		};
		3A1EFA6E28B8E8CF00B25115 /* Release */ = {
			isa = XCBuildConfiguration;
			buildSettings = {
				ALWAYS_SEARCH_USER_PATHS = NO;
				CLANG_ANALYZER_NONNULL = YES;
				CLANG_ANALYZER_NUMBER_OBJECT_CONVERSION = YES_AGGRESSIVE;
				CLANG_CXX_LANGUAGE_STANDARD = "gnu++17";
				CLANG_ENABLE_MODULES = YES;
				CLANG_ENABLE_OBJC_ARC = YES;
				CLANG_ENABLE_OBJC_WEAK = YES;
				CLANG_WARN_BLOCK_CAPTURE_AUTORELEASING = YES;
				CLANG_WARN_BOOL_CONVERSION = YES;
				CLANG_WARN_COMMA = YES;
				CLANG_WARN_CONSTANT_CONVERSION = YES;
				CLANG_WARN_DEPRECATED_OBJC_IMPLEMENTATIONS = YES;
				CLANG_WARN_DIRECT_OBJC_ISA_USAGE = YES_ERROR;
				CLANG_WARN_DOCUMENTATION_COMMENTS = YES;
				CLANG_WARN_EMPTY_BODY = YES;
				CLANG_WARN_ENUM_CONVERSION = YES;
				CLANG_WARN_INFINITE_RECURSION = YES;
				CLANG_WARN_INT_CONVERSION = YES;
				CLANG_WARN_NON_LITERAL_NULL_CONVERSION = YES;
				CLANG_WARN_OBJC_IMPLICIT_RETAIN_SELF = YES;
				CLANG_WARN_OBJC_LITERAL_CONVERSION = YES;
				CLANG_WARN_OBJC_ROOT_CLASS = YES_ERROR;
				CLANG_WARN_QUOTED_INCLUDE_IN_FRAMEWORK_HEADER = YES;
				CLANG_WARN_RANGE_LOOP_ANALYSIS = YES;
				CLANG_WARN_STRICT_PROTOTYPES = YES;
				CLANG_WARN_SUSPICIOUS_MOVE = YES;
				CLANG_WARN_UNGUARDED_AVAILABILITY = YES_AGGRESSIVE;
				CLANG_WARN_UNREACHABLE_CODE = YES;
				CLANG_WARN__DUPLICATE_METHOD_MATCH = YES;
				COPY_PHASE_STRIP = NO;
				DEBUG_INFORMATION_FORMAT = "dwarf-with-dsym";
				ENABLE_NS_ASSERTIONS = NO;
				ENABLE_STRICT_OBJC_MSGSEND = YES;
				GCC_C_LANGUAGE_STANDARD = gnu11;
				GCC_NO_COMMON_BLOCKS = YES;
				GCC_WARN_64_TO_32_BIT_CONVERSION = YES;
				GCC_WARN_ABOUT_RETURN_TYPE = YES_ERROR;
				GCC_WARN_UNDECLARED_SELECTOR = YES;
				GCC_WARN_UNINITIALIZED_AUTOS = YES_AGGRESSIVE;
				GCC_WARN_UNUSED_FUNCTION = YES;
				GCC_WARN_UNUSED_VARIABLE = YES;
				IPHONEOS_DEPLOYMENT_TARGET = 15.5;
				MTL_ENABLE_DEBUG_INFO = NO;
				MTL_FAST_MATH = YES;
				SDKROOT = iphoneos;
				SWIFT_COMPILATION_MODE = wholemodule;
				SWIFT_OPTIMIZATION_LEVEL = "-O";
				VALIDATE_PRODUCT = YES;
			};
			name = Release;
		};
		3A1EFA7028B8E8CF00B25115 /* Debug */ = {
			isa = XCBuildConfiguration;
			buildSettings = {
				ASSETCATALOG_COMPILER_APPICON_NAME = AppIcon;
				ASSETCATALOG_COMPILER_GLOBAL_ACCENT_COLOR_NAME = AccentColor;
				CODE_SIGN_ENTITLEMENTS = "MultiLoginPage-Firebase/MultiLoginPage-Firebase.entitlements";
				CODE_SIGN_STYLE = Automatic;
				CURRENT_PROJECT_VERSION = 1;
				DEVELOPMENT_ASSET_PATHS = "\"MultiLoginPage-Firebase/Preview Content\"";
				DEVELOPMENT_TEAM = M22QR6853N;
				ENABLE_PREVIEWS = YES;
				GENERATE_INFOPLIST_FILE = YES;
				INFOPLIST_FILE = "MultiLoginPage-Firebase/Info.plist";
				INFOPLIST_KEY_UIApplicationSceneManifest_Generation = YES;
				INFOPLIST_KEY_UIApplicationSupportsIndirectInputEvents = YES;
				INFOPLIST_KEY_UILaunchScreen_Generation = YES;
				INFOPLIST_KEY_UISupportedInterfaceOrientations_iPad = "UIInterfaceOrientationPortrait UIInterfaceOrientationPortraitUpsideDown UIInterfaceOrientationLandscapeLeft UIInterfaceOrientationLandscapeRight";
				INFOPLIST_KEY_UISupportedInterfaceOrientations_iPhone = "UIInterfaceOrientationPortrait UIInterfaceOrientationLandscapeLeft UIInterfaceOrientationLandscapeRight";
				LD_RUNPATH_SEARCH_PATHS = (
					"$(inherited)",
					"@executable_path/Frameworks",
				);
				MARKETING_VERSION = 1.0;
				PRODUCT_BUNDLE_IDENTIFIER = "kulik.MultiLoginPage-Firebase";
				PRODUCT_NAME = "$(TARGET_NAME)";
				SWIFT_EMIT_LOC_STRINGS = YES;
				SWIFT_VERSION = 5.0;
				TARGETED_DEVICE_FAMILY = "1,2";
			};
			name = Debug;
		};
		3A1EFA7128B8E8CF00B25115 /* Release */ = {
			isa = XCBuildConfiguration;
			buildSettings = {
				ASSETCATALOG_COMPILER_APPICON_NAME = AppIcon;
				ASSETCATALOG_COMPILER_GLOBAL_ACCENT_COLOR_NAME = AccentColor;
				CODE_SIGN_ENTITLEMENTS = "MultiLoginPage-Firebase/MultiLoginPage-Firebase.entitlements";
				CODE_SIGN_STYLE = Automatic;
				CURRENT_PROJECT_VERSION = 1;
				DEVELOPMENT_ASSET_PATHS = "\"MultiLoginPage-Firebase/Preview Content\"";
				DEVELOPMENT_TEAM = M22QR6853N;
				ENABLE_PREVIEWS = YES;
				GENERATE_INFOPLIST_FILE = YES;
				INFOPLIST_FILE = "MultiLoginPage-Firebase/Info.plist";
				INFOPLIST_KEY_UIApplicationSceneManifest_Generation = YES;
				INFOPLIST_KEY_UIApplicationSupportsIndirectInputEvents = YES;
				INFOPLIST_KEY_UILaunchScreen_Generation = YES;
				INFOPLIST_KEY_UISupportedInterfaceOrientations_iPad = "UIInterfaceOrientationPortrait UIInterfaceOrientationPortraitUpsideDown UIInterfaceOrientationLandscapeLeft UIInterfaceOrientationLandscapeRight";
				INFOPLIST_KEY_UISupportedInterfaceOrientations_iPhone = "UIInterfaceOrientationPortrait UIInterfaceOrientationLandscapeLeft UIInterfaceOrientationLandscapeRight";
				LD_RUNPATH_SEARCH_PATHS = (
					"$(inherited)",
					"@executable_path/Frameworks",
				);
				MARKETING_VERSION = 1.0;
				PRODUCT_BUNDLE_IDENTIFIER = "kulik.MultiLoginPage-Firebase";
				PRODUCT_NAME = "$(TARGET_NAME)";
				SWIFT_EMIT_LOC_STRINGS = YES;
				SWIFT_VERSION = 5.0;
				TARGETED_DEVICE_FAMILY = "1,2";
			};
			name = Release;
		};
/* End XCBuildConfiguration section */

/* Begin XCConfigurationList section */
		3A1EFA5C28B8E8CE00B25115 /* Build configuration list for PBXProject "MultiLoginPage-Firebase" */ = {
			isa = XCConfigurationList;
			buildConfigurations = (
				3A1EFA6D28B8E8CF00B25115 /* Debug */,
				3A1EFA6E28B8E8CF00B25115 /* Release */,
			);
			defaultConfigurationIsVisible = 0;
			defaultConfigurationName = Release;
		};
		3A1EFA6F28B8E8CF00B25115 /* Build configuration list for PBXNativeTarget "MultiLoginPage-Firebase" */ = {
			isa = XCConfigurationList;
			buildConfigurations = (
				3A1EFA7028B8E8CF00B25115 /* Debug */,
				3A1EFA7128B8E8CF00B25115 /* Release */,
			);
			defaultConfigurationIsVisible = 0;
			defaultConfigurationName = Release;
		};
/* End XCConfigurationList section */

/* Begin XCRemoteSwiftPackageReference section */
		3AE3746228B9473F00BFD072 /* XCRemoteSwiftPackageReference "firebase-ios-sdk" */ = {
			isa = XCRemoteSwiftPackageReference;
			repositoryURL = "https://github.com/firebase/firebase-ios-sdk";
			requirement = {
				branch = master;
				kind = branch;
			};
		};
		3AE3746528B9493E00BFD072 /* XCRemoteSwiftPackageReference "GoogleSignIn-iOS" */ = {
			isa = XCRemoteSwiftPackageReference;
			repositoryURL = "https://github.com/google/GoogleSignIn-iOS/";
			requirement = {
				kind = upToNextMajorVersion;
				minimumVersion = 6.0.0;
			};
		};
/* End XCRemoteSwiftPackageReference section */

/* Begin XCSwiftPackageProductDependency section */
		3AE3746328B9473F00BFD072 /* FirebaseAuth */ = {
			isa = XCSwiftPackageProductDependency;
			package = 3AE3746228B9473F00BFD072 /* XCRemoteSwiftPackageReference "firebase-ios-sdk" */;
			productName = FirebaseAuth;
		};
		3AE3746628B9493E00BFD072 /* GoogleSignIn */ = {
			isa = XCSwiftPackageProductDependency;
			package = 3AE3746528B9493E00BFD072 /* XCRemoteSwiftPackageReference "GoogleSignIn-iOS" */;
			productName = GoogleSignIn;
		};
		3AE3746828B9493E00BFD072 /* GoogleSignInSwift */ = {
			isa = XCSwiftPackageProductDependency;
			package = 3AE3746528B9493E00BFD072 /* XCRemoteSwiftPackageReference "GoogleSignIn-iOS" */;
			productName = GoogleSignInSwift;
		};
/* End XCSwiftPackageProductDependency section */
	};
	rootObject = 3A1EFA5928B8E8CE00B25115 /* Project object */;
}
